
Microsoft Visual Studio Solution File, Format Version 12.00
# Visual Studio 15
VisualStudioVersion = 15.0.27703.2035
MinimumVisualStudioVersion = 10.0.40219.1
Project("{FAE04EC0-301F-11D3-BF4B-00C04F79EFBC}") = "PlatLog_Manager", "PlatLog_Manager\PlatLog_Manager.csproj", "{3AE7BF97-823E-4DEF-9A03-CD3A71B51849}"
EndProject
Global
	GlobalSection(SolutionConfigurationPlatforms) = preSolution
		Debug|Any CPU = Debug|Any CPU
		Release|Any CPU = Release|Any CPU
	EndGlobalSection
	GlobalSection(ProjectConfigurationPlatforms) = postSolution
		{3AE7BF97-823E-4DEF-9A03-CD3A71B51849}.Debug|Any CPU.ActiveCfg = Debug|Any CPU
		{3AE7BF97-823E-4DEF-9A03-CD3A71B51849}.Debug|Any CPU.Build.0 = Debug|Any CPU
		{3AE7BF97-823E-4DEF-9A03-CD3A71B51849}.Release|Any CPU.ActiveCfg = Release|Any CPU
		{3AE7BF97-823E-4DEF-9A03-CD3A71B51849}.Release|Any CPU.Build.0 = Release|Any CPU
	EndGlobalSection
	GlobalSection(SolutionProperties) = preSolution
		HideSolutionNode = FALSE
	EndGlobalSection
	GlobalSection(ExtensibilityGlobals) = postSolution
		SolutionGuid = {FEB36988-AF31-4D0E-BAF9-9AA147D949DA}
	EndGlobalSection
EndGlobal
